
Microsoft Visual Studio Solution File, Format Version 12.00
# Visual Studio Version 17
VisualStudioVersion = 17.3.32901.215
MinimumVisualStudioVersion = 10.0.40219.1
Project("{9A19103F-16F7-4668-BE54-9A1E7A4F7556}") = "Nunit_Tutorial.net6", "Nunit_Tutorial.net6\Nunit_Tutorial.net6.csproj", "{95D912B3-E269-4651-B695-80BB2DB70763}"
EndProject
Project("{9A19103F-16F7-4668-BE54-9A1E7A4F7556}") = "Nunit_Tutorial.net6_Tests", "Nunit_Tutorial.net6_Tests\Nunit_Tutorial.net6_Tests.csproj", "{C05E6430-62B3-42E2-93F0-E2E7D49D6DC1}"
EndProject
Global
	GlobalSection(SolutionConfigurationPlatforms) = preSolution
		Debug|Any CPU = Debug|Any CPU
		Release|Any CPU = Release|Any CPU
	EndGlobalSection
	GlobalSection(ProjectConfigurationPlatforms) = postSolution
		{95D912B3-E269-4651-B695-80BB2DB70763}.Debug|Any CPU.ActiveCfg = Debug|Any CPU
		{95D912B3-E269-4651-B695-80BB2DB70763}.Debug|Any CPU.Build.0 = Debug|Any CPU
		{95D912B3-E269-4651-B695-80BB2DB70763}.Release|Any CPU.ActiveCfg = Release|Any CPU
		{95D912B3-E269-4651-B695-80BB2DB70763}.Release|Any CPU.Build.0 = Release|Any CPU
		{C05E6430-62B3-42E2-93F0-E2E7D49D6DC1}.Debug|Any CPU.ActiveCfg = Debug|Any CPU
		{C05E6430-62B3-42E2-93F0-E2E7D49D6DC1}.Debug|Any CPU.Build.0 = Debug|Any CPU
		{C05E6430-62B3-42E2-93F0-E2E7D49D6DC1}.Release|Any CPU.ActiveCfg = Release|Any CPU
		{C05E6430-62B3-42E2-93F0-E2E7D49D6DC1}.Release|Any CPU.Build.0 = Release|Any CPU
	EndGlobalSection
	GlobalSection(SolutionProperties) = preSolution
		HideSolutionNode = FALSE
	EndGlobalSection
	GlobalSection(ExtensibilityGlobals) = postSolution
		SolutionGuid = {A4EDD6CB-B81A-45F5-9D5F-0F501AD5523E}
	EndGlobalSection
EndGlobal
